
Microsoft Visual Studio Solution File, Format Version 12.00
# Visual Studio Version 17
VisualStudioVersion = 17.4.33122.133
MinimumVisualStudioVersion = 10.0.40219.1
Project("{FAE04EC0-301F-11D3-BF4B-00C04F79EFBC}") = "xUnitTest.Core", "xUnitTest.Core\xUnitTest.Core.csproj", "{A840CAB9-60A1-48BA-8A22-7880A3A71AD3}"
EndProject
Project("{FAE04EC0-301F-11D3-BF4B-00C04F79EFBC}") = "xUnitTest.Core.Tests", "xUnitTest.Core.Tests\xUnitTest.Core.Tests.csproj", "{2FF7C85D-86B5-4080-82A7-E25F54467C6B}"
EndProject
Global
	GlobalSection(SolutionConfigurationPlatforms) = preSolution
		Debug|Any CPU = Debug|Any CPU
		Release|Any CPU = Release|Any CPU
	EndGlobalSection
	GlobalSection(ProjectConfigurationPlatforms) = postSolution
		{A840CAB9-60A1-48BA-8A22-7880A3A71AD3}.Debug|Any CPU.ActiveCfg = Debug|Any CPU
		{A840CAB9-60A1-48BA-8A22-7880A3A71AD3}.Debug|Any CPU.Build.0 = Debug|Any CPU
		{A840CAB9-60A1-48BA-8A22-7880A3A71AD3}.Release|Any CPU.ActiveCfg = Release|Any CPU
		{A840CAB9-60A1-48BA-8A22-7880A3A71AD3}.Release|Any CPU.Build.0 = Release|Any CPU
		{2FF7C85D-86B5-4080-82A7-E25F54467C6B}.Debug|Any CPU.ActiveCfg = Debug|Any CPU
		{2FF7C85D-86B5-4080-82A7-E25F54467C6B}.Debug|Any CPU.Build.0 = Debug|Any CPU
		{2FF7C85D-86B5-4080-82A7-E25F54467C6B}.Release|Any CPU.ActiveCfg = Release|Any CPU
		{2FF7C85D-86B5-4080-82A7-E25F54467C6B}.Release|Any CPU.Build.0 = Release|Any CPU
	EndGlobalSection
	GlobalSection(SolutionProperties) = preSolution
		HideSolutionNode = FALSE
	EndGlobalSection
	GlobalSection(ExtensibilityGlobals) = postSolution
		SolutionGuid = {5E53D820-58BC-4A56-BFCF-32D6EF14089B}
	EndGlobalSection
EndGlobal
